
Microsoft Visual Studio Solution File, Format Version 12.00
# Visual Studio Version 16
VisualStudioVersion = 16.0.31402.337
MinimumVisualStudioVersion = 10.0.40219.1
Project("{888888A0-9F3D-457C-B088-3A5042F75D52}") = "Chemical-Physics-Data-Visualization", "Chemical-Physics-Data-Visualization.pyproj", "{021A23FD-BA06-4F37-870C-66B9554B3A69}"
EndProject
Global
	GlobalSection(SolutionConfigurationPlatforms) = preSolution
		Debug|Any CPU = Debug|Any CPU
		Release|Any CPU = Release|Any CPU
	EndGlobalSection
	GlobalSection(ProjectConfigurationPlatforms) = postSolution
		{021A23FD-BA06-4F37-870C-66B9554B3A69}.Debug|Any CPU.ActiveCfg = Debug|Any CPU
		{021A23FD-BA06-4F37-870C-66B9554B3A69}.Debug|Any CPU.Build.0 = Debug|Any CPU
		{021A23FD-BA06-4F37-870C-66B9554B3A69}.Release|Any CPU.ActiveCfg = Release|Any CPU
		{021A23FD-BA06-4F37-870C-66B9554B3A69}.Release|Any CPU.Build.0 = Release|Any CPU
	EndGlobalSection
	GlobalSection(SolutionProperties) = preSolution
		HideSolutionNode = FALSE
	EndGlobalSection
	GlobalSection(ExtensibilityGlobals) = postSolution
		SolutionGuid = {06239441-A541-4B41-A39C-85092B9CF400}
	EndGlobalSection
EndGlobal
